
Microsoft Visual Studio Solution File, Format Version 12.00
# Visual Studio 15
VisualStudioVersion = 15.0.28307.136
MinimumVisualStudioVersion = 10.0.40219.1
Project("{FAE04EC0-301F-11D3-BF4B-00C04F79EFBC}") = "agg", "agg\agg.csproj", "{3B284C58-DA4D-425D-BD13-B3F831F06E70}"
EndProject
Global
	GlobalSection(SolutionConfigurationPlatforms) = preSolution
		Debug|Any CPU = Debug|Any CPU
		Release|Any CPU = Release|Any CPU
	EndGlobalSection
	GlobalSection(ProjectConfigurationPlatforms) = postSolution
		{3B284C58-DA4D-425D-BD13-B3F831F06E70}.Debug|Any CPU.ActiveCfg = Debug|Any CPU
		{3B284C58-DA4D-425D-BD13-B3F831F06E70}.Debug|Any CPU.Build.0 = Debug|Any CPU
		{3B284C58-DA4D-425D-BD13-B3F831F06E70}.Release|Any CPU.ActiveCfg = Release|Any CPU
		{3B284C58-DA4D-425D-BD13-B3F831F06E70}.Release|Any CPU.Build.0 = Release|Any CPU
	EndGlobalSection
	GlobalSection(SolutionProperties) = preSolution
		HideSolutionNode = FALSE
	EndGlobalSection
	GlobalSection(ExtensibilityGlobals) = postSolution
		SolutionGuid = {580DA13B-CD33-4777-A512-2742B3C1FFAC}
	EndGlobalSection
EndGlobal
